
Microsoft Visual Studio Solution File, Format Version 12.00
# Visual Studio Version 16
VisualStudioVersion = 16.0.30204.135
MinimumVisualStudioVersion = 10.0.40219.1
Project("{FAE04EC0-301F-11D3-BF4B-00C04F79EFBC}") = "Repositories", "Repositories\Repositories.csproj", "{F6BC75E0-8C39-40A4-A598-2CF0DDC545EB}"
EndProject
Global
	GlobalSection(SolutionConfigurationPlatforms) = preSolution
		Debug|Any CPU = Debug|Any CPU
		Release|Any CPU = Release|Any CPU
	EndGlobalSection
	GlobalSection(ProjectConfigurationPlatforms) = postSolution
		{F6BC75E0-8C39-40A4-A598-2CF0DDC545EB}.Debug|Any CPU.ActiveCfg = Debug|Any CPU
		{F6BC75E0-8C39-40A4-A598-2CF0DDC545EB}.Debug|Any CPU.Build.0 = Debug|Any CPU
		{F6BC75E0-8C39-40A4-A598-2CF0DDC545EB}.Release|Any CPU.ActiveCfg = Release|Any CPU
		{F6BC75E0-8C39-40A4-A598-2CF0DDC545EB}.Release|Any CPU.Build.0 = Release|Any CPU
	EndGlobalSection
	GlobalSection(SolutionProperties) = preSolution
		HideSolutionNode = FALSE
	EndGlobalSection
	GlobalSection(ExtensibilityGlobals) = postSolution
		SolutionGuid = {851EE360-C4A3-49BB-B14A-D6B197351BC1}
	EndGlobalSection
EndGlobal
